
Microsoft Visual Studio Solution File, Format Version 12.00
# Visual Studio 15
VisualStudioVersion = 15.0.28307.1340
MinimumVisualStudioVersion = 10.0.40219.1
Project("{9A19103F-16F7-4668-BE54-9A1E7A4F7556}") = "test", "test.csproj", "{AD6FB15D-CF1F-44C3-A9FE-FD4299790D7E}"
EndProject
Global
	GlobalSection(SolutionConfigurationPlatforms) = preSolution
		Debug|Any CPU = Debug|Any CPU
		Release|Any CPU = Release|Any CPU
	EndGlobalSection
	GlobalSection(ProjectConfigurationPlatforms) = postSolution
		{AD6FB15D-CF1F-44C3-A9FE-FD4299790D7E}.Debug|Any CPU.ActiveCfg = Debug|Any CPU
		{AD6FB15D-CF1F-44C3-A9FE-FD4299790D7E}.Debug|Any CPU.Build.0 = Debug|Any CPU
		{AD6FB15D-CF1F-44C3-A9FE-FD4299790D7E}.Release|Any CPU.ActiveCfg = Release|Any CPU
		{AD6FB15D-CF1F-44C3-A9FE-FD4299790D7E}.Release|Any CPU.Build.0 = Release|Any CPU
	EndGlobalSection
	GlobalSection(SolutionProperties) = preSolution
		HideSolutionNode = FALSE
	EndGlobalSection
	GlobalSection(ExtensibilityGlobals) = postSolution
		SolutionGuid = {862BE424-1328-4207-8D9C-6F6930BBCDCC}
	EndGlobalSection
EndGlobal
